
Microsoft Visual Studio Solution File, Format Version 12.00
# Visual Studio Version 17
VisualStudioVersion = 17.12.35527.113
MinimumVisualStudioVersion = 10.0.40219.1
Project("{2150E333-8FDC-42A3-9474-1A3956D46DE8}") = "Identity_and_Access_Management", "Identity_and_Access_Management", "{45DFAADE-855E-40B0-A313-EADC46BD177F}"
EndProject
Project("{2150E333-8FDC-42A3-9474-1A3956D46DE8}") = "Movement", "Movement", "{DEA5C8B4-D205-4CE9-B64E-12CBE2EDAD0D}"
EndProject
Project("{FAE04EC0-301F-11D3-BF4B-00C04F79EFBC}") = "I_AM.WebAPI", "Identity_and_Access_Management\I_AM.WebAPI\I_AM.WebAPI.csproj", "{37E8D509-64CA-92B7-4D6E-508395A83F0B}"
EndProject
Project("{FAE04EC0-301F-11D3-BF4B-00C04F79EFBC}") = "I_AM.Application", "Identity_and_Access_Management\I_AM.Application\I_AM.Application.csproj", "{A671641A-BF90-EFAA-013B-FF016EA66CB0}"
EndProject
Project("{FAE04EC0-301F-11D3-BF4B-00C04F79EFBC}") = "I_AM.Domain", "Identity_and_Access_Management\I_AM.Domain\I_AM.Domain.csproj", "{9F7CF633-42CD-F2FC-350D-5EB23FFE4EF8}"
EndProject
Project("{FAE04EC0-301F-11D3-BF4B-00C04F79EFBC}") = "I_AM.Infrastructure", "Identity_and_Access_Management\I_AM.Infrastructure\I_AM.Infrastructure.csproj", "{072FB9F6-F2CD-46FE-0AE8-0097FB145532}"
EndProject
Project("{FAE04EC0-301F-11D3-BF4B-00C04F79EFBC}") = "Movement.WebAPI", "Movement\Movement.WebAPI\Movement.WebAPI.csproj", "{55162B3D-9FCD-0939-C7A8-9C800A190357}"
EndProject
Project("{FAE04EC0-301F-11D3-BF4B-00C04F79EFBC}") = "Movement.Application", "Movement\Movement.Application\Movement.Application.csproj", "{3E9306C0-68E2-2A09-1F95-D42BF1B8DB25}"
EndProject
Project("{FAE04EC0-301F-11D3-BF4B-00C04F79EFBC}") = "Movement.Domain", "Movement\Movement.Domain\Movement.Domain.csproj", "{16ADDAF5-985F-2785-48A3-4FC0ECEC5528}"
EndProject
Project("{FAE04EC0-301F-11D3-BF4B-00C04F79EFBC}") = "Movement.Infrastructure", "Movement\Movement.Infrastructure\Movement.Infrastructure.csproj", "{892904DB-C82A-5404-AD39-B2F5B8D73A17}"
EndProject
Global
	GlobalSection(SolutionConfigurationPlatforms) = preSolution
		Debug|Any CPU = Debug|Any CPU
		Release|Any CPU = Release|Any CPU
	EndGlobalSection
	GlobalSection(ProjectConfigurationPlatforms) = postSolution
		{37E8D509-64CA-92B7-4D6E-508395A83F0B}.Debug|Any CPU.ActiveCfg = Debug|Any CPU
		{37E8D509-64CA-92B7-4D6E-508395A83F0B}.Debug|Any CPU.Build.0 = Debug|Any CPU
		{37E8D509-64CA-92B7-4D6E-508395A83F0B}.Release|Any CPU.ActiveCfg = Release|Any CPU
		{37E8D509-64CA-92B7-4D6E-508395A83F0B}.Release|Any CPU.Build.0 = Release|Any CPU
		{A671641A-BF90-EFAA-013B-FF016EA66CB0}.Debug|Any CPU.ActiveCfg = Debug|Any CPU
		{A671641A-BF90-EFAA-013B-FF016EA66CB0}.Debug|Any CPU.Build.0 = Debug|Any CPU
		{A671641A-BF90-EFAA-013B-FF016EA66CB0}.Release|Any CPU.ActiveCfg = Release|Any CPU
		{A671641A-BF90-EFAA-013B-FF016EA66CB0}.Release|Any CPU.Build.0 = Release|Any CPU
		{9F7CF633-42CD-F2FC-350D-5EB23FFE4EF8}.Debug|Any CPU.ActiveCfg = Debug|Any CPU
		{9F7CF633-42CD-F2FC-350D-5EB23FFE4EF8}.Debug|Any CPU.Build.0 = Debug|Any CPU
		{9F7CF633-42CD-F2FC-350D-5EB23FFE4EF8}.Release|Any CPU.ActiveCfg = Release|Any CPU
		{9F7CF633-42CD-F2FC-350D-5EB23FFE4EF8}.Release|Any CPU.Build.0 = Release|Any CPU
		{072FB9F6-F2CD-46FE-0AE8-0097FB145532}.Debug|Any CPU.ActiveCfg = Debug|Any CPU
		{072FB9F6-F2CD-46FE-0AE8-0097FB145532}.Debug|Any CPU.Build.0 = Debug|Any CPU
		{072FB9F6-F2CD-46FE-0AE8-0097FB145532}.Release|Any CPU.ActiveCfg = Release|Any CPU
		{072FB9F6-F2CD-46FE-0AE8-0097FB145532}.Release|Any CPU.Build.0 = Release|Any CPU
		{55162B3D-9FCD-0939-C7A8-9C800A190357}.Debug|Any CPU.ActiveCfg = Debug|Any CPU
		{55162B3D-9FCD-0939-C7A8-9C800A190357}.Debug|Any CPU.Build.0 = Debug|Any CPU
		{55162B3D-9FCD-0939-C7A8-9C800A190357}.Release|Any CPU.ActiveCfg = Release|Any CPU
		{55162B3D-9FCD-0939-C7A8-9C800A190357}.Release|Any CPU.Build.0 = Release|Any CPU
		{3E9306C0-68E2-2A09-1F95-D42BF1B8DB25}.Debug|Any CPU.ActiveCfg = Debug|Any CPU
		{3E9306C0-68E2-2A09-1F95-D42BF1B8DB25}.Debug|Any CPU.Build.0 = Debug|Any CPU
		{3E9306C0-68E2-2A09-1F95-D42BF1B8DB25}.Release|Any CPU.ActiveCfg = Release|Any CPU
		{3E9306C0-68E2-2A09-1F95-D42BF1B8DB25}.Release|Any CPU.Build.0 = Release|Any CPU
		{16ADDAF5-985F-2785-48A3-4FC0ECEC5528}.Debug|Any CPU.ActiveCfg = Debug|Any CPU
		{16ADDAF5-985F-2785-48A3-4FC0ECEC5528}.Debug|Any CPU.Build.0 = Debug|Any CPU
		{16ADDAF5-985F-2785-48A3-4FC0ECEC5528}.Release|Any CPU.ActiveCfg = Release|Any CPU
		{16ADDAF5-985F-2785-48A3-4FC0ECEC5528}.Release|Any CPU.Build.0 = Release|Any CPU
		{892904DB-C82A-5404-AD39-B2F5B8D73A17}.Debug|Any CPU.ActiveCfg = Debug|Any CPU
		{892904DB-C82A-5404-AD39-B2F5B8D73A17}.Debug|Any CPU.Build.0 = Debug|Any CPU
		{892904DB-C82A-5404-AD39-B2F5B8D73A17}.Release|Any CPU.ActiveCfg = Release|Any CPU
		{892904DB-C82A-5404-AD39-B2F5B8D73A17}.Release|Any CPU.Build.0 = Release|Any CPU
	EndGlobalSection
	GlobalSection(SolutionProperties) = preSolution
		HideSolutionNode = FALSE
	EndGlobalSection
	GlobalSection(NestedProjects) = preSolution
		{37E8D509-64CA-92B7-4D6E-508395A83F0B} = {45DFAADE-855E-40B0-A313-EADC46BD177F}
		{A671641A-BF90-EFAA-013B-FF016EA66CB0} = {45DFAADE-855E-40B0-A313-EADC46BD177F}
		{9F7CF633-42CD-F2FC-350D-5EB23FFE4EF8} = {45DFAADE-855E-40B0-A313-EADC46BD177F}
		{072FB9F6-F2CD-46FE-0AE8-0097FB145532} = {45DFAADE-855E-40B0-A313-EADC46BD177F}
		{55162B3D-9FCD-0939-C7A8-9C800A190357} = {DEA5C8B4-D205-4CE9-B64E-12CBE2EDAD0D}
		{3E9306C0-68E2-2A09-1F95-D42BF1B8DB25} = {DEA5C8B4-D205-4CE9-B64E-12CBE2EDAD0D}
		{16ADDAF5-985F-2785-48A3-4FC0ECEC5528} = {DEA5C8B4-D205-4CE9-B64E-12CBE2EDAD0D}
		{892904DB-C82A-5404-AD39-B2F5B8D73A17} = {DEA5C8B4-D205-4CE9-B64E-12CBE2EDAD0D}
	EndGlobalSection
	GlobalSection(ExtensibilityGlobals) = postSolution
		SolutionGuid = {D0F48D46-55E8-49EA-9557-D2E7982B49D5}
	EndGlobalSection
EndGlobal
